
Microsoft Visual Studio Solution File, Format Version 12.00
# Visual Studio Version 17
VisualStudioVersion = 17.2.32505.173
MinimumVisualStudioVersion = 10.0.40219.1
Project("{FAE04EC0-301F-11D3-BF4B-00C04F79EFBC}") = "AddreeBookLINQ", "AddreeBookLINQ\AddreeBookLINQ.csproj", "{14090342-92C6-4AC9-B6A9-4183CBBDDC32}"
EndProject
Global
	GlobalSection(SolutionConfigurationPlatforms) = preSolution
		Debug|Any CPU = Debug|Any CPU
		Release|Any CPU = Release|Any CPU
	EndGlobalSection
	GlobalSection(ProjectConfigurationPlatforms) = postSolution
		{14090342-92C6-4AC9-B6A9-4183CBBDDC32}.Debug|Any CPU.ActiveCfg = Debug|Any CPU
		{14090342-92C6-4AC9-B6A9-4183CBBDDC32}.Debug|Any CPU.Build.0 = Debug|Any CPU
		{14090342-92C6-4AC9-B6A9-4183CBBDDC32}.Release|Any CPU.ActiveCfg = Release|Any CPU
		{14090342-92C6-4AC9-B6A9-4183CBBDDC32}.Release|Any CPU.Build.0 = Release|Any CPU
	EndGlobalSection
	GlobalSection(SolutionProperties) = preSolution
		HideSolutionNode = FALSE
	EndGlobalSection
	GlobalSection(ExtensibilityGlobals) = postSolution
		SolutionGuid = {0EB170FD-739D-4736-8A7C-0CF566A75D6E}
	EndGlobalSection
EndGlobal
